
Microsoft Visual Studio Solution File, Format Version 12.00
# Visual Studio Version 17
VisualStudioVersion = 17.14.36203.30
MinimumVisualStudioVersion = 10.0.40219.1
Project("{FAE04EC0-301F-11D3-BF4B-00C04F79EFBC}") = "FinShark.Api", "FinShark.Api.csproj", "{79552F36-5996-4A89-88EC-253ED2F0F5C0}"
EndProject
Project("{FAE04EC0-301F-11D3-BF4B-00C04F79EFBC}") = "FinShark.Domain", "..\Finshark.domain\FinShark.Domain.csproj", "{B6C20044-52E4-4AE6-ACF0-590206A617B9}"
EndProject
Project("{FAE04EC0-301F-11D3-BF4B-00C04F79EFBC}") = "FinShark.Service", "..\Finshark.service\FinShark.Service.csproj", "{E18B458F-D43B-43E8-B7FD-0C4DA7EA2D1B}"
EndProject
Global
	GlobalSection(SolutionConfigurationPlatforms) = preSolution
		Debug|Any CPU = Debug|Any CPU
		Release|Any CPU = Release|Any CPU
	EndGlobalSection
	GlobalSection(ProjectConfigurationPlatforms) = postSolution
		{79552F36-5996-4A89-88EC-253ED2F0F5C0}.Debug|Any CPU.ActiveCfg = Debug|Any CPU
		{79552F36-5996-4A89-88EC-253ED2F0F5C0}.Debug|Any CPU.Build.0 = Debug|Any CPU
		{79552F36-5996-4A89-88EC-253ED2F0F5C0}.Release|Any CPU.ActiveCfg = Release|Any CPU
		{79552F36-5996-4A89-88EC-253ED2F0F5C0}.Release|Any CPU.Build.0 = Release|Any CPU
		{B6C20044-52E4-4AE6-ACF0-590206A617B9}.Debug|Any CPU.ActiveCfg = Debug|Any CPU
		{B6C20044-52E4-4AE6-ACF0-590206A617B9}.Debug|Any CPU.Build.0 = Debug|Any CPU
		{B6C20044-52E4-4AE6-ACF0-590206A617B9}.Release|Any CPU.ActiveCfg = Release|Any CPU
		{B6C20044-52E4-4AE6-ACF0-590206A617B9}.Release|Any CPU.Build.0 = Release|Any CPU
		{E18B458F-D43B-43E8-B7FD-0C4DA7EA2D1B}.Debug|Any CPU.ActiveCfg = Debug|Any CPU
		{E18B458F-D43B-43E8-B7FD-0C4DA7EA2D1B}.Debug|Any CPU.Build.0 = Debug|Any CPU
		{E18B458F-D43B-43E8-B7FD-0C4DA7EA2D1B}.Release|Any CPU.ActiveCfg = Release|Any CPU
		{E18B458F-D43B-43E8-B7FD-0C4DA7EA2D1B}.Release|Any CPU.Build.0 = Release|Any CPU
	EndGlobalSection
	GlobalSection(SolutionProperties) = preSolution
		HideSolutionNode = FALSE
	EndGlobalSection
	GlobalSection(ExtensibilityGlobals) = postSolution
		SolutionGuid = {9BA82DDF-83D4-4203-B24A-369899BCDC79}
	EndGlobalSection
EndGlobal
